// !$*UTF8*$!
{
	archiveVersion = 1;
	classes = {
	};
	objectVersion = 56;
	objects = {

/* Begin PBXBuildFile section */
		0E33A0FD2BBA3AE400375BFA /* AppDelegate.swift in Sources */ = {isa = PBXBuildFile; fileRef = 0E33A0FC2BBA3AE400375BFA /* AppDelegate.swift */; };
		0E33A0FF2BBA3AE400375BFA /* SceneDelegate.swift in Sources */ = {isa = PBXBuildFile; fileRef = 0E33A0FE2BBA3AE400375BFA /* SceneDelegate.swift */; };
		0E33A1062BBA3AE500375BFA /* Assets.xcassets in Resources */ = {isa = PBXBuildFile; fileRef = 0E33A1052BBA3AE500375BFA /* Assets.xcassets */; };
		0E33A1092BBA3AE500375BFA /* LaunchScreen.storyboard in Resources */ = {isa = PBXBuildFile; fileRef = 0E33A1072BBA3AE500375BFA /* LaunchScreen.storyboard */; };
		0E33A1142BBA3AE500375BFA /* NFC_JunhaTests.swift in Sources */ = {isa = PBXBuildFile; fileRef = 0E33A1132BBA3AE500375BFA /* NFC_JunhaTests.swift */; };
		0E33A11E2BBA3AE500375BFA /* NFC_JunhaUITests.swift in Sources */ = {isa = PBXBuildFile; fileRef = 0E33A11D2BBA3AE500375BFA /* NFC_JunhaUITests.swift */; };
		0E33A1202BBA3AE500375BFA /* NFC_JunhaUITestsLaunchTests.swift in Sources */ = {isa = PBXBuildFile; fileRef = 0E33A11F2BBA3AE500375BFA /* NFC_JunhaUITestsLaunchTests.swift */; };
		0E33A12E2BBA3B4E00375BFA /* SnapKit in Frameworks */ = {isa = PBXBuildFile; productRef = 0E33A12D2BBA3B4E00375BFA /* SnapKit */; };
		0E33A1322BBA3BAF00375BFA /* NFCManager.swift in Sources */ = {isa = PBXBuildFile; fileRef = 0E33A1312BBA3BAF00375BFA /* NFCManager.swift */; };
		0E33A1342BBA3BBC00375BFA /* NFCNDEFPayload+Strings.swift in Sources */ = {isa = PBXBuildFile; fileRef = 0E33A1332BBA3BBC00375BFA /* NFCNDEFPayload+Strings.swift */; };
		0E33A1372BBA3BCF00375BFA /* RecordTableViewCell.swift in Sources */ = {isa = PBXBuildFile; fileRef = 0E33A1362BBA3BCF00375BFA /* RecordTableViewCell.swift */; };
		0E33A1392BBA3BDA00375BFA /* SectionHeaderView.swift in Sources */ = {isa = PBXBuildFile; fileRef = 0E33A1382BBA3BDA00375BFA /* SectionHeaderView.swift */; };
		0E33A13C2BBA3BEC00375BFA /* MainViewController.swift in Sources */ = {isa = PBXBuildFile; fileRef = 0E33A13B2BBA3BEC00375BFA /* MainViewController.swift */; };
		0E33A13E2BBA3BF700375BFA /* DetailViewController.swift in Sources */ = {isa = PBXBuildFile; fileRef = 0E33A13D2BBA3BF700375BFA /* DetailViewController.swift */; };
		0E33A1442BBA407800375BFA /* Then in Frameworks */ = {isa = PBXBuildFile; productRef = 0E33A1432BBA407800375BFA /* Then */; };
/* End PBXBuildFile section */

/* Begin PBXContainerItemProxy section */
		0E33A1102BBA3AE500375BFA /* PBXContainerItemProxy */ = {
			isa = PBXContainerItemProxy;
			containerPortal = 0E33A0F12BBA3AE400375BFA /* Project object */;
			proxyType = 1;
			remoteGlobalIDString = 0E33A0F82BBA3AE400375BFA;
			remoteInfo = "NFC-Junha";
		};
		0E33A11A2BBA3AE500375BFA /* PBXContainerItemProxy */ = {
			isa = PBXContainerItemProxy;
			containerPortal = 0E33A0F12BBA3AE400375BFA /* Project object */;
			proxyType = 1;
			remoteGlobalIDString = 0E33A0F82BBA3AE400375BFA;
			remoteInfo = "NFC-Junha";
		};
/* End PBXContainerItemProxy section */

/* Begin PBXFileReference section */
		0E33A0F92BBA3AE400375BFA /* NFC-Junha.app */ = {isa = PBXFileReference; explicitFileType = wrapper.application; includeInIndex = 0; path = "NFC-Junha.app"; sourceTree = BUILT_PRODUCTS_DIR; };
		0E33A0FC2BBA3AE400375BFA /* AppDelegate.swift */ = {isa = PBXFileReference; lastKnownFileType = sourcecode.swift; path = AppDelegate.swift; sourceTree = "<group>"; };
		0E33A0FE2BBA3AE400375BFA /* SceneDelegate.swift */ = {isa = PBXFileReference; lastKnownFileType = sourcecode.swift; path = SceneDelegate.swift; sourceTree = "<group>"; };
		0E33A1052BBA3AE500375BFA /* Assets.xcassets */ = {isa = PBXFileReference; lastKnownFileType = folder.assetcatalog; path = Assets.xcassets; sourceTree = "<group>"; };
		0E33A1082BBA3AE500375BFA /* Base */ = {isa = PBXFileReference; lastKnownFileType = file.storyboard; name = Base; path = Base.lproj/LaunchScreen.storyboard; sourceTree = "<group>"; };
		0E33A10A2BBA3AE500375BFA /* Info.plist */ = {isa = PBXFileReference; lastKnownFileType = text.plist.xml; path = Info.plist; sourceTree = "<group>"; };
		0E33A10F2BBA3AE500375BFA /* NFC-JunhaTests.xctest */ = {isa = PBXFileReference; explicitFileType = wrapper.cfbundle; includeInIndex = 0; path = "NFC-JunhaTests.xctest"; sourceTree = BUILT_PRODUCTS_DIR; };
		0E33A1132BBA3AE500375BFA /* NFC_JunhaTests.swift */ = {isa = PBXFileReference; lastKnownFileType = sourcecode.swift; path = NFC_JunhaTests.swift; sourceTree = "<group>"; };
		0E33A1192BBA3AE500375BFA /* NFC-JunhaUITests.xctest */ = {isa = PBXFileReference; explicitFileType = wrapper.cfbundle; includeInIndex = 0; path = "NFC-JunhaUITests.xctest"; sourceTree = BUILT_PRODUCTS_DIR; };
		0E33A11D2BBA3AE500375BFA /* NFC_JunhaUITests.swift */ = {isa = PBXFileReference; lastKnownFileType = sourcecode.swift; path = NFC_JunhaUITests.swift; sourceTree = "<group>"; };
		0E33A11F2BBA3AE500375BFA /* NFC_JunhaUITestsLaunchTests.swift */ = {isa = PBXFileReference; lastKnownFileType = sourcecode.swift; path = NFC_JunhaUITestsLaunchTests.swift; sourceTree = "<group>"; };
		0E33A12F2BBA3B7600375BFA /* NFC-Junha.entitlements */ = {isa = PBXFileReference; lastKnownFileType = text.plist.entitlements; path = "NFC-Junha.entitlements"; sourceTree = "<group>"; };
		0E33A1312BBA3BAF00375BFA /* NFCManager.swift */ = {isa = PBXFileReference; lastKnownFileType = sourcecode.swift; path = NFCManager.swift; sourceTree = "<group>"; };
		0E33A1332BBA3BBC00375BFA /* NFCNDEFPayload+Strings.swift */ = {isa = PBXFileReference; lastKnownFileType = sourcecode.swift; path = "NFCNDEFPayload+Strings.swift"; sourceTree = "<group>"; };
		0E33A1362BBA3BCF00375BFA /* RecordTableViewCell.swift */ = {isa = PBXFileReference; lastKnownFileType = sourcecode.swift; path = RecordTableViewCell.swift; sourceTree = "<group>"; };
		0E33A1382BBA3BDA00375BFA /* SectionHeaderView.swift */ = {isa = PBXFileReference; lastKnownFileType = sourcecode.swift; path = SectionHeaderView.swift; sourceTree = "<group>"; };
		0E33A13B2BBA3BEC00375BFA /* MainViewController.swift */ = {isa = PBXFileReference; lastKnownFileType = sourcecode.swift; path = MainViewController.swift; sourceTree = "<group>"; };
		0E33A13D2BBA3BF700375BFA /* DetailViewController.swift */ = {isa = PBXFileReference; lastKnownFileType = sourcecode.swift; path = DetailViewController.swift; sourceTree = "<group>"; };
/* End PBXFileReference section */

/* Begin PBXFrameworksBuildPhase section */
		0E33A0F62BBA3AE400375BFA /* Frameworks */ = {
			isa = PBXFrameworksBuildPhase;
			buildActionMask = 2147483647;
			files = (
				0E33A12E2BBA3B4E00375BFA /* SnapKit in Frameworks */,
				0E33A1442BBA407800375BFA /* Then in Frameworks */,
			);
			runOnlyForDeploymentPostprocessing = 0;
		};
		0E33A10C2BBA3AE500375BFA /* Frameworks */ = {
			isa = PBXFrameworksBuildPhase;
			buildActionMask = 2147483647;
			files = (
			);
			runOnlyForDeploymentPostprocessing = 0;
		};
		0E33A1162BBA3AE500375BFA /* Frameworks */ = {
			isa = PBXFrameworksBuildPhase;
			buildActionMask = 2147483647;
			files = (
			);
			runOnlyForDeploymentPostprocessing = 0;
		};
/* End PBXFrameworksBuildPhase section */

/* Begin PBXGroup section */
		0E33A0F02BBA3AE400375BFA = {
			isa = PBXGroup;
			children = (
				0E33A0FB2BBA3AE400375BFA /* NFC-Junha */,
				0E33A1122BBA3AE500375BFA /* NFC-JunhaTests */,
				0E33A11C2BBA3AE500375BFA /* NFC-JunhaUITests */,
				0E33A0FA2BBA3AE400375BFA /* Products */,
			);
			sourceTree = "<group>";
		};
		0E33A0FA2BBA3AE400375BFA /* Products */ = {
			isa = PBXGroup;
			children = (
				0E33A0F92BBA3AE400375BFA /* NFC-Junha.app */,
				0E33A10F2BBA3AE500375BFA /* NFC-JunhaTests.xctest */,
				0E33A1192BBA3AE500375BFA /* NFC-JunhaUITests.xctest */,
			);
			name = Products;
			sourceTree = "<group>";
		};
		0E33A0FB2BBA3AE400375BFA /* NFC-Junha */ = {
			isa = PBXGroup;
			children = (
				0E33A13A2BBA3BE600375BFA /* ViewControllers */,
				0E33A1352BBA3BCD00375BFA /* View */,
				0E33A1302BBA3BA800375BFA /* NFC */,
				0E33A12F2BBA3B7600375BFA /* NFC-Junha.entitlements */,
				0E33A0FC2BBA3AE400375BFA /* AppDelegate.swift */,
				0E33A0FE2BBA3AE400375BFA /* SceneDelegate.swift */,
				0E33A1052BBA3AE500375BFA /* Assets.xcassets */,
				0E33A1072BBA3AE500375BFA /* LaunchScreen.storyboard */,
				0E33A10A2BBA3AE500375BFA /* Info.plist */,
			);
			path = "NFC-Junha";
			sourceTree = "<group>";
		};
		0E33A1122BBA3AE500375BFA /* NFC-JunhaTests */ = {
			isa = PBXGroup;
			children = (
				0E33A1132BBA3AE500375BFA /* NFC_JunhaTests.swift */,
			);
			path = "NFC-JunhaTests";
			sourceTree = "<group>";
		};
		0E33A11C2BBA3AE500375BFA /* NFC-JunhaUITests */ = {
			isa = PBXGroup;
			children = (
				0E33A11D2BBA3AE500375BFA /* NFC_JunhaUITests.swift */,
				0E33A11F2BBA3AE500375BFA /* NFC_JunhaUITestsLaunchTests.swift */,
			);
			path = "NFC-JunhaUITests";
			sourceTree = "<group>";
		};
		0E33A1302BBA3BA800375BFA /* NFC */ = {
			isa = PBXGroup;
			children = (
				0E33A1312BBA3BAF00375BFA /* NFCManager.swift */,
				0E33A1332BBA3BBC00375BFA /* NFCNDEFPayload+Strings.swift */,
			);
			path = NFC;
			sourceTree = "<group>";
		};
		0E33A1352BBA3BCD00375BFA /* View */ = {
			isa = PBXGroup;
			children = (
				0E33A1362BBA3BCF00375BFA /* RecordTableViewCell.swift */,
				0E33A1382BBA3BDA00375BFA /* SectionHeaderView.swift */,
			);
			path = View;
			sourceTree = "<group>";
		};
		0E33A13A2BBA3BE600375BFA /* ViewControllers */ = {
			isa = PBXGroup;
			children = (
				0E33A13B2BBA3BEC00375BFA /* MainViewController.swift */,
				0E33A13D2BBA3BF700375BFA /* DetailViewController.swift */,
			);
			path = ViewControllers;
			sourceTree = "<group>";
		};
/* End PBXGroup section */

/* Begin PBXNativeTarget section */
		0E33A0F82BBA3AE400375BFA /* NFC-Junha */ = {
			isa = PBXNativeTarget;
			buildConfigurationList = 0E33A1232BBA3AE500375BFA /* Build configuration list for PBXNativeTarget "NFC-Junha" */;
			buildPhases = (
				0E33A0F52BBA3AE400375BFA /* Sources */,
				0E33A0F62BBA3AE400375BFA /* Frameworks */,
				0E33A0F72BBA3AE400375BFA /* Resources */,
			);
			buildRules = (
			);
			dependencies = (
			);
			name = "NFC-Junha";
			packageProductDependencies = (
				0E33A12D2BBA3B4E00375BFA /* SnapKit */,
				0E33A1432BBA407800375BFA /* Then */,
			);
			productName = "NFC-Junha";
			productReference = 0E33A0F92BBA3AE400375BFA /* NFC-Junha.app */;
			productType = "com.apple.product-type.application";
		};
		0E33A10E2BBA3AE500375BFA /* NFC-JunhaTests */ = {
			isa = PBXNativeTarget;
			buildConfigurationList = 0E33A1262BBA3AE500375BFA /* Build configuration list for PBXNativeTarget "NFC-JunhaTests" */;
			buildPhases = (
				0E33A10B2BBA3AE500375BFA /* Sources */,
				0E33A10C2BBA3AE500375BFA /* Frameworks */,
				0E33A10D2BBA3AE500375BFA /* Resources */,
			);
			buildRules = (
			);
			dependencies = (
				0E33A1112BBA3AE500375BFA /* PBXTargetDependency */,
			);
			name = "NFC-JunhaTests";
			productName = "NFC-JunhaTests";
			productReference = 0E33A10F2BBA3AE500375BFA /* NFC-JunhaTests.xctest */;
			productType = "com.apple.product-type.bundle.unit-test";
		};
		0E33A1182BBA3AE500375BFA /* NFC-JunhaUITests */ = {
			isa = PBXNativeTarget;
			buildConfigurationList = 0E33A1292BBA3AE500375BFA /* Build configuration list for PBXNativeTarget "NFC-JunhaUITests" */;
			buildPhases = (
				0E33A1152BBA3AE500375BFA /* Sources */,
				0E33A1162BBA3AE500375BFA /* Frameworks */,
				0E33A1172BBA3AE500375BFA /* Resources */,
			);
			buildRules = (
			);
			dependencies = (
				0E33A11B2BBA3AE500375BFA /* PBXTargetDependency */,
			);
			name = "NFC-JunhaUITests";
			productName = "NFC-JunhaUITests";
			productReference = 0E33A1192BBA3AE500375BFA /* NFC-JunhaUITests.xctest */;
			productType = "com.apple.product-type.bundle.ui-testing";
		};
/* End PBXNativeTarget section */

/* Begin PBXProject section */
		0E33A0F12BBA3AE400375BFA /* Project object */ = {
			isa = PBXProject;
			attributes = {
				BuildIndependentTargetsInParallel = 1;
				LastSwiftUpdateCheck = 1500;
				LastUpgradeCheck = 1500;
				TargetAttributes = {
					0E33A0F82BBA3AE400375BFA = {
						CreatedOnToolsVersion = 15.0.1;
					};
					0E33A10E2BBA3AE500375BFA = {
						CreatedOnToolsVersion = 15.0.1;
						TestTargetID = 0E33A0F82BBA3AE400375BFA;
					};
					0E33A1182BBA3AE500375BFA = {
						CreatedOnToolsVersion = 15.0.1;
						TestTargetID = 0E33A0F82BBA3AE400375BFA;
					};
				};
			};
			buildConfigurationList = 0E33A0F42BBA3AE400375BFA /* Build configuration list for PBXProject "NFC-Junha" */;
			compatibilityVersion = "Xcode 14.0";
			developmentRegion = en;
			hasScannedForEncodings = 0;
			knownRegions = (
				en,
				Base,
			);
			mainGroup = 0E33A0F02BBA3AE400375BFA;
			packageReferences = (
				0E33A12C2BBA3B4E00375BFA /* XCRemoteSwiftPackageReference "SnapKit" */,
				0E33A1422BBA407800375BFA /* XCRemoteSwiftPackageReference "Then" */,
			);
			productRefGroup = 0E33A0FA2BBA3AE400375BFA /* Products */;
			projectDirPath = "";
			projectRoot = "";
			targets = (
				0E33A0F82BBA3AE400375BFA /* NFC-Junha */,
				0E33A10E2BBA3AE500375BFA /* NFC-JunhaTests */,
				0E33A1182BBA3AE500375BFA /* NFC-JunhaUITests */,
			);
		};
/* End PBXProject section */

/* Begin PBXResourcesBuildPhase section */
		0E33A0F72BBA3AE400375BFA /* Resources */ = {
			isa = PBXResourcesBuildPhase;
			buildActionMask = 2147483647;
			files = (
				0E33A1092BBA3AE500375BFA /* LaunchScreen.storyboard in Resources */,
				0E33A1062BBA3AE500375BFA /* Assets.xcassets in Resources */,
			);
			runOnlyForDeploymentPostprocessing = 0;
		};
		0E33A10D2BBA3AE500375BFA /* Resources */ = {
			isa = PBXResourcesBuildPhase;
			buildActionMask = 2147483647;
			files = (
			);
			runOnlyForDeploymentPostprocessing = 0;
		};
		0E33A1172BBA3AE500375BFA /* Resources */ = {
			isa = PBXResourcesBuildPhase;
			buildActionMask = 2147483647;
			files = (
			);
			runOnlyForDeploymentPostprocessing = 0;
		};
/* End PBXResourcesBuildPhase section */

/* Begin PBXSourcesBuildPhase section */
		0E33A0F52BBA3AE400375BFA /* Sources */ = {
			isa = PBXSourcesBuildPhase;
			buildActionMask = 2147483647;
			files = (
				0E33A13E2BBA3BF700375BFA /* DetailViewController.swift in Sources */,
				0E33A1322BBA3BAF00375BFA /* NFCManager.swift in Sources */,
				0E33A1372BBA3BCF00375BFA /* RecordTableViewCell.swift in Sources */,
				0E33A0FD2BBA3AE400375BFA /* AppDelegate.swift in Sources */,
				0E33A1392BBA3BDA00375BFA /* SectionHeaderView.swift in Sources */,
				0E33A1342BBA3BBC00375BFA /* NFCNDEFPayload+Strings.swift in Sources */,
				0E33A0FF2BBA3AE400375BFA /* SceneDelegate.swift in Sources */,
				0E33A13C2BBA3BEC00375BFA /* MainViewController.swift in Sources */,
			);
			runOnlyForDeploymentPostprocessing = 0;
		};
		0E33A10B2BBA3AE500375BFA /* Sources */ = {
			isa = PBXSourcesBuildPhase;
			buildActionMask = 2147483647;
			files = (
				0E33A1142BBA3AE500375BFA /* NFC_JunhaTests.swift in Sources */,
			);
			runOnlyForDeploymentPostprocessing = 0;
		};
		0E33A1152BBA3AE500375BFA /* Sources */ = {
			isa = PBXSourcesBuildPhase;
			buildActionMask = 2147483647;
			files = (
				0E33A11E2BBA3AE500375BFA /* NFC_JunhaUITests.swift in Sources */,
				0E33A1202BBA3AE500375BFA /* NFC_JunhaUITestsLaunchTests.swift in Sources */,
			);
			runOnlyForDeploymentPostprocessing = 0;
		};
/* End PBXSourcesBuildPhase section */

/* Begin PBXTargetDependency section */
		0E33A1112BBA3AE500375BFA /* PBXTargetDependency */ = {
			isa = PBXTargetDependency;
			target = 0E33A0F82BBA3AE400375BFA /* NFC-Junha */;
			targetProxy = 0E33A1102BBA3AE500375BFA /* PBXContainerItemProxy */;
		};
		0E33A11B2BBA3AE500375BFA /* PBXTargetDependency */ = {
			isa = PBXTargetDependency;
			target = 0E33A0F82BBA3AE400375BFA /* NFC-Junha */;
			targetProxy = 0E33A11A2BBA3AE500375BFA /* PBXContainerItemProxy */;
		};
/* End PBXTargetDependency section */

/* Begin PBXVariantGroup section */
		0E33A1072BBA3AE500375BFA /* LaunchScreen.storyboard */ = {
			isa = PBXVariantGroup;
			children = (
				0E33A1082BBA3AE500375BFA /* Base */,
			);
			name = LaunchScreen.storyboard;
			sourceTree = "<group>";
		};
/* End PBXVariantGroup section */

/* Begin XCBuildConfiguration section */
		0E33A1212BBA3AE500375BFA /* Debug */ = {
			isa = XCBuildConfiguration;
			buildSettings = {
				ALWAYS_SEARCH_USER_PATHS = NO;
				ASSETCATALOG_COMPILER_GENERATE_SWIFT_ASSET_SYMBOL_EXTENSIONS = YES;
				CLANG_ANALYZER_NONNULL = YES;
				CLANG_ANALYZER_NUMBER_OBJECT_CONVERSION = YES_AGGRESSIVE;
				CLANG_CXX_LANGUAGE_STANDARD = "gnu++20";
				CLANG_ENABLE_MODULES = YES;
				CLANG_ENABLE_OBJC_ARC = YES;
				CLANG_ENABLE_OBJC_WEAK = YES;
				CLANG_WARN_BLOCK_CAPTURE_AUTORELEASING = YES;
				CLANG_WARN_BOOL_CONVERSION = YES;
				CLANG_WARN_COMMA = YES;
				CLANG_WARN_CONSTANT_CONVERSION = YES;
				CLANG_WARN_DEPRECATED_OBJC_IMPLEMENTATIONS = YES;
				CLANG_WARN_DIRECT_OBJC_ISA_USAGE = YES_ERROR;
				CLANG_WARN_DOCUMENTATION_COMMENTS = YES;
				CLANG_WARN_EMPTY_BODY = YES;
				CLANG_WARN_ENUM_CONVERSION = YES;
				CLANG_WARN_INFINITE_RECURSION = YES;
				CLANG_WARN_INT_CONVERSION = YES;
				CLANG_WARN_NON_LITERAL_NULL_CONVERSION = YES;
				CLANG_WARN_OBJC_IMPLICIT_RETAIN_SELF = YES;
				CLANG_WARN_OBJC_LITERAL_CONVERSION = YES;
				CLANG_WARN_OBJC_ROOT_CLASS = YES_ERROR;
				CLANG_WARN_QUOTED_INCLUDE_IN_FRAMEWORK_HEADER = YES;
				CLANG_WARN_RANGE_LOOP_ANALYSIS = YES;
				CLANG_WARN_STRICT_PROTOTYPES = YES;
				CLANG_WARN_SUSPICIOUS_MOVE = YES;
				CLANG_WARN_UNGUARDED_AVAILABILITY = YES_AGGRESSIVE;
				CLANG_WARN_UNREACHABLE_CODE = YES;
				CLANG_WARN__DUPLICATE_METHOD_MATCH = YES;
				COPY_PHASE_STRIP = NO;
				DEBUG_INFORMATION_FORMAT = dwarf;
				ENABLE_STRICT_OBJC_MSGSEND = YES;
				ENABLE_TESTABILITY = YES;
				ENABLE_USER_SCRIPT_SANDBOXING = YES;
				GCC_C_LANGUAGE_STANDARD = gnu17;
				GCC_DYNAMIC_NO_PIC = NO;
				GCC_NO_COMMON_BLOCKS = YES;
				GCC_OPTIMIZATION_LEVEL = 0;
				GCC_PREPROCESSOR_DEFINITIONS = (
					"DEBUG=1",
					"$(inherited)",
				);
				GCC_WARN_64_TO_32_BIT_CONVERSION = YES;
				GCC_WARN_ABOUT_RETURN_TYPE = YES_ERROR;
				GCC_WARN_UNDECLARED_SELECTOR = YES;
				GCC_WARN_UNINITIALIZED_AUTOS = YES_AGGRESSIVE;
				GCC_WARN_UNUSED_FUNCTION = YES;
				GCC_WARN_UNUSED_VARIABLE = YES;
				IPHONEOS_DEPLOYMENT_TARGET = 17.0;
				LOCALIZATION_PREFERS_STRING_CATALOGS = YES;
				MTL_ENABLE_DEBUG_INFO = INCLUDE_SOURCE;
				MTL_FAST_MATH = YES;
				ONLY_ACTIVE_ARCH = YES;
				SDKROOT = iphoneos;
				SWIFT_ACTIVE_COMPILATION_CONDITIONS = "DEBUG $(inherited)";
				SWIFT_OPTIMIZATION_LEVEL = "-Onone";
			};
			name = Debug;
		};
		0E33A1222BBA3AE500375BFA /* Release */ = {
			isa = XCBuildConfiguration;
			buildSettings = {
				ALWAYS_SEARCH_USER_PATHS = NO;
				ASSETCATALOG_COMPILER_GENERATE_SWIFT_ASSET_SYMBOL_EXTENSIONS = YES;
				CLANG_ANALYZER_NONNULL = YES;
				CLANG_ANALYZER_NUMBER_OBJECT_CONVERSION = YES_AGGRESSIVE;
				CLANG_CXX_LANGUAGE_STANDARD = "gnu++20";
				CLANG_ENABLE_MODULES = YES;
				CLANG_ENABLE_OBJC_ARC = YES;
				CLANG_ENABLE_OBJC_WEAK = YES;
				CLANG_WARN_BLOCK_CAPTURE_AUTORELEASING = YES;
				CLANG_WARN_BOOL_CONVERSION = YES;
				CLANG_WARN_COMMA = YES;
				CLANG_WARN_CONSTANT_CONVERSION = YES;
				CLANG_WARN_DEPRECATED_OBJC_IMPLEMENTATIONS = YES;
				CLANG_WARN_DIRECT_OBJC_ISA_USAGE = YES_ERROR;
				CLANG_WARN_DOCUMENTATION_COMMENTS = YES;
				CLANG_WARN_EMPTY_BODY = YES;
				CLANG_WARN_ENUM_CONVERSION = YES;
				CLANG_WARN_INFINITE_RECURSION = YES;
				CLANG_WARN_INT_CONVERSION = YES;
				CLANG_WARN_NON_LITERAL_NULL_CONVERSION = YES;
				CLANG_WARN_OBJC_IMPLICIT_RETAIN_SELF = YES;
				CLANG_WARN_OBJC_LITERAL_CONVERSION = YES;
				CLANG_WARN_OBJC_ROOT_CLASS = YES_ERROR;
				CLANG_WARN_QUOTED_INCLUDE_IN_FRAMEWORK_HEADER = YES;
				CLANG_WARN_RANGE_LOOP_ANALYSIS = YES;
				CLANG_WARN_STRICT_PROTOTYPES = YES;
				CLANG_WARN_SUSPICIOUS_MOVE = YES;
				CLANG_WARN_UNGUARDED_AVAILABILITY = YES_AGGRESSIVE;
				CLANG_WARN_UNREACHABLE_CODE = YES;
				CLANG_WARN__DUPLICATE_METHOD_MATCH = YES;
				COPY_PHASE_STRIP = NO;
				DEBUG_INFORMATION_FORMAT = "dwarf-with-dsym";
				ENABLE_NS_ASSERTIONS = NO;
				ENABLE_STRICT_OBJC_MSGSEND = YES;
				ENABLE_USER_SCRIPT_SANDBOXING = YES;
				GCC_C_LANGUAGE_STANDARD = gnu17;
				GCC_NO_COMMON_BLOCKS = YES;
				GCC_WARN_64_TO_32_BIT_CONVERSION = YES;
				GCC_WARN_ABOUT_RETURN_TYPE = YES_ERROR;
				GCC_WARN_UNDECLARED_SELECTOR = YES;
				GCC_WARN_UNINITIALIZED_AUTOS = YES_AGGRESSIVE;
				GCC_WARN_UNUSED_FUNCTION = YES;
				GCC_WARN_UNUSED_VARIABLE = YES;
				IPHONEOS_DEPLOYMENT_TARGET = 17.0;
				LOCALIZATION_PREFERS_STRING_CATALOGS = YES;
				MTL_ENABLE_DEBUG_INFO = NO;
				MTL_FAST_MATH = YES;
				SDKROOT = iphoneos;
				SWIFT_COMPILATION_MODE = wholemodule;
				VALIDATE_PRODUCT = YES;
			};
			name = Release;
		};
		0E33A1242BBA3AE500375BFA /* Debug */ = {
			isa = XCBuildConfiguration;
			buildSettings = {
				ASSETCATALOG_COMPILER_APPICON_NAME = AppIcon;
				ASSETCATALOG_COMPILER_GLOBAL_ACCENT_COLOR_NAME = AccentColor;
				CODE_SIGN_ENTITLEMENTS = "NFC-Junha/NFC-Junha.entitlements";
				CODE_SIGN_STYLE = Automatic;
				CURRENT_PROJECT_VERSION = 1;
				DEVELOPMENT_TEAM = 92YDTRVDUA;
				GENERATE_INFOPLIST_FILE = YES;
				INFOPLIST_FILE = "NFC-Junha/Info.plist";
				INFOPLIST_KEY_UIApplicationSupportsIndirectInputEvents = YES;
				INFOPLIST_KEY_UILaunchStoryboardName = LaunchScreen;
				INFOPLIST_KEY_UIMainStoryboardFile = "";
				INFOPLIST_KEY_UISupportedInterfaceOrientations_iPad = "UIInterfaceOrientationPortrait UIInterfaceOrientationPortraitUpsideDown UIInterfaceOrientationLandscapeLeft UIInterfaceOrientationLandscapeRight";
				INFOPLIST_KEY_UISupportedInterfaceOrientations_iPhone = "UIInterfaceOrientationPortrait UIInterfaceOrientationLandscapeLeft UIInterfaceOrientationLandscapeRight";
				LD_RUNPATH_SEARCH_PATHS = (
					"$(inherited)",
					"@executable_path/Frameworks",
				);
				MARKETING_VERSION = 1.0;
				PRODUCT_BUNDLE_IDENTIFIER = "jjunhaa0211.NFC-Junha";
				PRODUCT_NAME = "$(TARGET_NAME)";
				SWIFT_EMIT_LOC_STRINGS = YES;
				SWIFT_VERSION = 5.0;
				TARGETED_DEVICE_FAMILY = "1,2";
			};
			name = Debug;
		};
		0E33A1252BBA3AE500375BFA /* Release */ = {
			isa = XCBuildConfiguration;
			buildSettings = {
				ASSETCATALOG_COMPILER_APPICON_NAME = AppIcon;
				ASSETCATALOG_COMPILER_GLOBAL_ACCENT_COLOR_NAME = AccentColor;
				CODE_SIGN_ENTITLEMENTS = "NFC-Junha/NFC-Junha.entitlements";
				CODE_SIGN_STYLE = Automatic;
				CURRENT_PROJECT_VERSION = 1;
				DEVELOPMENT_TEAM = 92YDTRVDUA;
				GENERATE_INFOPLIST_FILE = YES;
				INFOPLIST_FILE = "NFC-Junha/Info.plist";
				INFOPLIST_KEY_UIApplicationSupportsIndirectInputEvents = YES;
				INFOPLIST_KEY_UILaunchStoryboardName = LaunchScreen;
				INFOPLIST_KEY_UIMainStoryboardFile = "";
				INFOPLIST_KEY_UISupportedInterfaceOrientations_iPad = "UIInterfaceOrientationPortrait UIInterfaceOrientationPortraitUpsideDown UIInterfaceOrientationLandscapeLeft UIInterfaceOrientationLandscapeRight";
				INFOPLIST_KEY_UISupportedInterfaceOrientations_iPhone = "UIInterfaceOrientationPortrait UIInterfaceOrientationLandscapeLeft UIInterfaceOrientationLandscapeRight";
				LD_RUNPATH_SEARCH_PATHS = (
					"$(inherited)",
					"@executable_path/Frameworks",
				);
				MARKETING_VERSION = 1.0;
				PRODUCT_BUNDLE_IDENTIFIER = "jjunhaa0211.NFC-Junha";
				PRODUCT_NAME = "$(TARGET_NAME)";
				SWIFT_EMIT_LOC_STRINGS = YES;
				SWIFT_VERSION = 5.0;
				TARGETED_DEVICE_FAMILY = "1,2";
			};
			name = Release;
		};
		0E33A1272BBA3AE500375BFA /* Debug */ = {
			isa = XCBuildConfiguration;
			buildSettings = {
				ALWAYS_EMBED_SWIFT_STANDARD_LIBRARIES = YES;
				BUNDLE_LOADER = "$(TEST_HOST)";
				CODE_SIGN_STYLE = Automatic;
				CURRENT_PROJECT_VERSION = 1;
				DEVELOPMENT_TEAM = 92YDTRVDUA;
				GENERATE_INFOPLIST_FILE = YES;
				IPHONEOS_DEPLOYMENT_TARGET = 17.0;
				MARKETING_VERSION = 1.0;
				PRODUCT_BUNDLE_IDENTIFIER = "jjunhaa0211.NFC-JunhaTests";
				PRODUCT_NAME = "$(TARGET_NAME)";
				SWIFT_EMIT_LOC_STRINGS = NO;
				SWIFT_VERSION = 5.0;
				TARGETED_DEVICE_FAMILY = "1,2";
				TEST_HOST = "$(BUILT_PRODUCTS_DIR)/NFC-Junha.app/$(BUNDLE_EXECUTABLE_FOLDER_PATH)/NFC-Junha";
			};
			name = Debug;
		};
		0E33A1282BBA3AE500375BFA /* Release */ = {
			isa = XCBuildConfiguration;
			buildSettings = {
				ALWAYS_EMBED_SWIFT_STANDARD_LIBRARIES = YES;
				BUNDLE_LOADER = "$(TEST_HOST)";
				CODE_SIGN_STYLE = Automatic;
				CURRENT_PROJECT_VERSION = 1;
				DEVELOPMENT_TEAM = 92YDTRVDUA;
				GENERATE_INFOPLIST_FILE = YES;
				IPHONEOS_DEPLOYMENT_TARGET = 17.0;
				MARKETING_VERSION = 1.0;
				PRODUCT_BUNDLE_IDENTIFIER = "jjunhaa0211.NFC-JunhaTests";
				PRODUCT_NAME = "$(TARGET_NAME)";
				SWIFT_EMIT_LOC_STRINGS = NO;
				SWIFT_VERSION = 5.0;
				TARGETED_DEVICE_FAMILY = "1,2";
				TEST_HOST = "$(BUILT_PRODUCTS_DIR)/NFC-Junha.app/$(BUNDLE_EXECUTABLE_FOLDER_PATH)/NFC-Junha";
			};
			name = Release;
		};
		0E33A12A2BBA3AE500375BFA /* Debug */ = {
			isa = XCBuildConfiguration;
			buildSettings = {
				ALWAYS_EMBED_SWIFT_STANDARD_LIBRARIES = YES;
				CODE_SIGN_STYLE = Automatic;
				CURRENT_PROJECT_VERSION = 1;
				DEVELOPMENT_TEAM = 92YDTRVDUA;
				GENERATE_INFOPLIST_FILE = YES;
				MARKETING_VERSION = 1.0;
				PRODUCT_BUNDLE_IDENTIFIER = "jjunhaa0211.NFC-JunhaUITests";
				PRODUCT_NAME = "$(TARGET_NAME)";
				SWIFT_EMIT_LOC_STRINGS = NO;
				SWIFT_VERSION = 5.0;
				TARGETED_DEVICE_FAMILY = "1,2";
				TEST_TARGET_NAME = "NFC-Junha";
			};
			name = Debug;
		};
		0E33A12B2BBA3AE500375BFA /* Release */ = {
			isa = XCBuildConfiguration;
			buildSettings = {
				ALWAYS_EMBED_SWIFT_STANDARD_LIBRARIES = YES;
				CODE_SIGN_STYLE = Automatic;
				CURRENT_PROJECT_VERSION = 1;
				DEVELOPMENT_TEAM = 92YDTRVDUA;
				GENERATE_INFOPLIST_FILE = YES;
				MARKETING_VERSION = 1.0;
				PRODUCT_BUNDLE_IDENTIFIER = "jjunhaa0211.NFC-JunhaUITests";
				PRODUCT_NAME = "$(TARGET_NAME)";
				SWIFT_EMIT_LOC_STRINGS = NO;
				SWIFT_VERSION = 5.0;
				TARGETED_DEVICE_FAMILY = "1,2";
				TEST_TARGET_NAME = "NFC-Junha";
			};
			name = Release;
		};
/* End XCBuildConfiguration section */

/* Begin XCConfigurationList section */
		0E33A0F42BBA3AE400375BFA /* Build configuration list for PBXProject "NFC-Junha" */ = {
			isa = XCConfigurationList;
			buildConfigurations = (
				0E33A1212BBA3AE500375BFA /* Debug */,
				0E33A1222BBA3AE500375BFA /* Release */,
			);
			defaultConfigurationIsVisible = 0;
			defaultConfigurationName = Release;
		};
		0E33A1232BBA3AE500375BFA /* Build configuration list for PBXNativeTarget "NFC-Junha" */ = {
			isa = XCConfigurationList;
			buildConfigurations = (
				0E33A1242BBA3AE500375BFA /* Debug */,
				0E33A1252BBA3AE500375BFA /* Release */,
			);
			defaultConfigurationIsVisible = 0;
			defaultConfigurationName = Release;
		};
		0E33A1262BBA3AE500375BFA /* Build configuration list for PBXNativeTarget "NFC-JunhaTests" */ = {
			isa = XCConfigurationList;
			buildConfigurations = (
				0E33A1272BBA3AE500375BFA /* Debug */,
				0E33A1282BBA3AE500375BFA /* Release */,
			);
			defaultConfigurationIsVisible = 0;
			defaultConfigurationName = Release;
		};
		0E33A1292BBA3AE500375BFA /* Build configuration list for PBXNativeTarget "NFC-JunhaUITests" */ = {
			isa = XCConfigurationList;
			buildConfigurations = (
				0E33A12A2BBA3AE500375BFA /* Debug */,
				0E33A12B2BBA3AE500375BFA /* Release */,
			);
			defaultConfigurationIsVisible = 0;
			defaultConfigurationName = Release;
		};
/* End XCConfigurationList section */

/* Begin XCRemoteSwiftPackageReference section */
		0E33A12C2BBA3B4E00375BFA /* XCRemoteSwiftPackageReference "SnapKit" */ = {
			isa = XCRemoteSwiftPackageReference;
			repositoryURL = "https://github.com/SnapKit/SnapKit";
			requirement = {
				kind = upToNextMajorVersion;
				minimumVersion = 5.7.1;
			};
		};
		0E33A1422BBA407800375BFA /* XCRemoteSwiftPackageReference "Then" */ = {
			isa = XCRemoteSwiftPackageReference;
			repositoryURL = "https://github.com/devxoul/Then";
			requirement = {
				kind = upToNextMajorVersion;
				minimumVersion = 3.0.0;
			};
		};
/* End XCRemoteSwiftPackageReference section */

/* Begin XCSwiftPackageProductDependency section */
		0E33A12D2BBA3B4E00375BFA /* SnapKit */ = {
			isa = XCSwiftPackageProductDependency;
			package = 0E33A12C2BBA3B4E00375BFA /* XCRemoteSwiftPackageReference "SnapKit" */;
			productName = SnapKit;
		};
		0E33A1432BBA407800375BFA /* Then */ = {
			isa = XCSwiftPackageProductDependency;
			package = 0E33A1422BBA407800375BFA /* XCRemoteSwiftPackageReference "Then" */;
			productName = Then;
		};
/* End XCSwiftPackageProductDependency section */
	};
	rootObject = 0E33A0F12BBA3AE400375BFA /* Project object */;
}
